<?xml version="1.0" encoding="utf-8"?>
<Project ToolsVersion="4.0" xmlns="http://schemas.microsoft.com/developer/msbuild/2003">
  <ItemGroup>
    <Filter Include="소스 파일">
      <UniqueIdentifier>{4FC737F1-C7A5-4376-A066-2A32D752A2FF}</UniqueIdentifier>
      <Extensions>cpp;c;cc;cxx;def;odl;idl;hpj;bat;asm;asmx</Extensions>
    </Filter>
    <Filter Include="헤더 파일">
      <UniqueIdentifier>{93995380-89BD-4b04-88EB-625FBE52EBFB}</UniqueIdentifier>
      <Extensions>h;hh;hpp;hxx;hm;inl;inc;ipp;xsd</Extensions>
    </Filter>
    <Filter Include="리소스 파일">
      <UniqueIdentifier>{67DA6AB6-F800-4c08-8B7A-83BB121AAD01}</UniqueIdentifier>
      <Extensions>rc;ico;cur;bmp;dlg;rc2;rct;bin;rgs;gif;jpg;jpeg;jpe;resx;tiff;tif;png;wav;mfcribbon-ms</Extensions>
    </Filter>
    <Filter Include="헤더 파일\sequence">
      <UniqueIdentifier>{f6c5c087-1082-49c5-927e-59d0fea35493}</UniqueIdentifier>
    </Filter>
    <Filter Include="소스 파일\sequence">
      <UniqueIdentifier>{4847f3bf-f588-46c9-bff7-7b562d03a64f}</UniqueIdentifier>
    </Filter>
    <Filter Include="헤더 파일\sequence\inPlay">
      <UniqueIdentifier>{4cd5b8aa-0403-4425-9cc2-88fee38f2b75}</UniqueIdentifier>
    </Filter>
    <Filter Include="소스 파일\sequence\inPlay">
      <UniqueIdentifier>{d7c1f3fe-ffb2-4c13-a3bc-1e65f57fef67}</UniqueIdentifier>
    </Filter>
  </ItemGroup>
  <ItemGroup>
    <ClCompile Include="..\..\..\..\..\..\%40Mynsu\C++\Tetris\Sirtet\dlls\Game\sequence\Opening.cpp">
      <Filter>소스 파일\sequence</Filter>
    </ClCompile>
    <ClCompile Include="..\..\..\..\..\..\%40Mynsu\C++\Tetris\Sirtet\dlls\Game\Common.cpp">
      <Filter>소스 파일</Filter>
    </ClCompile>
    <ClCompile Include="..\..\..\..\..\..\%40Mynsu\C++\Tetris\Sirtet\dlls\Game\sequence\MainMenu.cpp">
      <Filter>소스 파일\sequence</Filter>
    </ClCompile>
    <ClCompile Include="..\..\..\..\..\..\%40Mynsu\C++\Tetris\Sirtet\dlls\Game\sequence\inPlay\SinglePlay.cpp">
      <Filter>소스 파일\sequence\inPlay</Filter>
    </ClCompile>
    <ClCompile Include="sequence\inPlay\InPlay.cpp">
      <Filter>소스 파일\sequence\inPlay</Filter>
    </ClCompile>
    <ClCompile Include="..\..\..\..\..\..\%40Mynsu\C++\Tetris\Sirtet\dlls\Game\sequence\Sequence.cpp">
      <Filter>소스 파일\sequence</Filter>
    </ClCompile>
  </ItemGroup>
  <ItemGroup>
    <ClInclude Include="..\..\..\..\..\..\%40Mynsu\C++\Tetris\Sirtet\dlls\Game\Common.h">
      <Filter>헤더 파일</Filter>
    </ClInclude>
    <ClInclude Include="..\..\..\..\..\..\%40Mynsu\C++\Tetris\Sirtet\dlls\Game\sequence\ISequence.h">
      <Filter>헤더 파일\sequence</Filter>
    </ClInclude>
    <ClInclude Include="..\..\..\..\..\..\%40Mynsu\C++\Tetris\Sirtet\dlls\Game\sequence\Opening.h">
      <Filter>헤더 파일\sequence</Filter>
    </ClInclude>
    <ClInclude Include="..\..\..\..\..\..\%40Mynsu\C++\Tetris\Sirtet\dlls\Game\sequence\MainMenu.h">
      <Filter>헤더 파일\sequence</Filter>
    </ClInclude>
    <ClInclude Include="..\..\..\..\..\..\%40Mynsu\C++\Tetris\Sirtet\dlls\Game\sequence\inPlay\SinglePlay.h">
      <Filter>헤더 파일\sequence\inPlay</Filter>
    </ClInclude>
    <ClInclude Include="sequence\inPlay\InPlay.h">
      <Filter>헤더 파일\sequence\inPlay</Filter>
    </ClInclude>
    <ClInclude Include="..\..\..\..\..\..\%40Mynsu\C++\Tetris\Sirtet\dlls\Game\sequence\Sequence.h">
      <Filter>헤더 파일\sequence</Filter>
    </ClInclude>
  </ItemGroup>
</Project>