<?xml version="1.0" encoding="utf-8"?>
<Project ToolsVersion="4.0" xmlns="http://schemas.microsoft.com/developer/msbuild/2003">
  <ItemGroup>
    <Filter Include="소스 파일">
      <UniqueIdentifier>{4FC737F1-C7A5-4376-A066-2A32D752A2FF}</UniqueIdentifier>
      <Extensions>cpp;c;cc;cxx;def;odl;idl;hpj;bat;asm;asmx</Extensions>
    </Filter>
    <Filter Include="헤더 파일">
      <UniqueIdentifier>{93995380-89BD-4b04-88EB-625FBE52EBFB}</UniqueIdentifier>
      <Extensions>h;hh;hpp;hxx;hm;inl;inc;ipp;xsd</Extensions>
    </Filter>
    <Filter Include="리소스 파일">
      <UniqueIdentifier>{67DA6AB6-F800-4c08-8B7A-83BB121AAD01}</UniqueIdentifier>
      <Extensions>rc;ico;cur;bmp;dlg;rc2;rct;bin;rgs;gif;jpg;jpeg;jpe;resx;tiff;tif;png;wav;mfcribbon-ms</Extensions>
    </Filter>
    <Filter Include="헤더 파일\scene">
      <UniqueIdentifier>{338291f4-97d2-43c0-8168-0a138b1ef170}</UniqueIdentifier>
    </Filter>
    <Filter Include="소스 파일\scene">
      <UniqueIdentifier>{9cc0056b-bb4d-4b02-9b16-bbffe85d591a}</UniqueIdentifier>
    </Filter>
    <Filter Include="헤더 파일\scene\inPlay">
      <UniqueIdentifier>{eab7eac9-bf30-4783-9222-c3229429befc}</UniqueIdentifier>
    </Filter>
    <Filter Include="소스 파일\scene\inPlay">
      <UniqueIdentifier>{b785f793-549c-427d-a400-0cf6c72babc7}</UniqueIdentifier>
    </Filter>
  </ItemGroup>
  <ItemGroup>
    <ClCompile Include="..\..\..\..\..\..\%40Mynsu\C++\Tetris\Sirtet\dlls\Game\Game.cpp">
      <Filter>소스 파일</Filter>
    </ClCompile>
    <ClCompile Include="..\..\..\..\..\..\%40Mynsu\C++\Tetris\Sirtet\dlls\Game\scene\Intro.cpp">
      <Filter>소스 파일\scene</Filter>
    </ClCompile>
    <ClCompile Include="..\..\..\..\..\..\%40Mynsu\C++\Tetris\Sirtet\dlls\Game\scene\MainMenu.cpp">
      <Filter>소스 파일\scene</Filter>
    </ClCompile>
    <ClCompile Include="..\..\..\..\..\..\%40Mynsu\C++\Tetris\Sirtet\dlls\Game\scene\SceneManager.cpp">
      <Filter>소스 파일\scene</Filter>
    </ClCompile>
    <ClCompile Include="ServiceLocatorMirror.cpp">
      <Filter>소스 파일</Filter>
    </ClCompile>
    <ClCompile Include="..\..\..\..\..\..\%40Mynsu\C++\Tetris\Sirtet\dlls\Game\scene\inPlay\InPlay.cpp">
      <Filter>소스 파일\scene\inPlay</Filter>
    </ClCompile>
    <ClCompile Include="..\..\..\..\..\..\%40Mynsu\C++\Tetris\Sirtet\dlls\Game\scene\inPlay\Playing.cpp">
      <Filter>소스 파일\scene\inPlay</Filter>
    </ClCompile>
    <ClCompile Include="..\..\..\..\..\..\%40Mynsu\C++\Tetris\Sirtet\dlls\Game\scene\inPlay\Ready.cpp">
      <Filter>소스 파일\scene\inPlay</Filter>
    </ClCompile>
  </ItemGroup>
  <ItemGroup>
    <ClInclude Include="..\..\..\..\..\..\%40Mynsu\C++\Tetris\Sirtet\dlls\Game\Game.h">
      <Filter>헤더 파일</Filter>
    </ClInclude>
    <ClInclude Include="..\..\..\..\..\..\%40Mynsu\C++\Tetris\Sirtet\dlls\Game\scene\Intro.h">
      <Filter>헤더 파일\scene</Filter>
    </ClInclude>
    <ClInclude Include="..\..\..\..\..\..\%40Mynsu\C++\Tetris\Sirtet\dlls\Game\scene\MainMenu.h">
      <Filter>헤더 파일\scene</Filter>
    </ClInclude>
    <ClInclude Include="..\..\..\..\..\..\%40Mynsu\C++\Tetris\Sirtet\dlls\Game\scene\SceneManager.h">
      <Filter>헤더 파일\scene</Filter>
    </ClInclude>
    <ClInclude Include="scene\IScene.h">
      <Filter>헤더 파일\scene</Filter>
    </ClInclude>
    <ClInclude Include="ServiceLocatorMirror.h">
      <Filter>헤더 파일</Filter>
    </ClInclude>
    <ClInclude Include="..\..\..\..\..\..\%40Mynsu\C++\Tetris\Sirtet\dlls\Game\scene\inPlay\InPlay.h">
      <Filter>헤더 파일\scene\inPlay</Filter>
    </ClInclude>
    <ClInclude Include="..\..\..\..\..\..\%40Mynsu\C++\Tetris\Sirtet\dlls\Game\scene\inPlay\Playing.h">
      <Filter>헤더 파일\scene\inPlay</Filter>
    </ClInclude>
    <ClInclude Include="..\..\..\..\..\..\%40Mynsu\C++\Tetris\Sirtet\dlls\Game\scene\inPlay\Ready.h">
      <Filter>헤더 파일\scene\inPlay</Filter>
    </ClInclude>
    <ClInclude Include="scene\inPlay\IScene.h">
      <Filter>헤더 파일\scene\inPlay</Filter>
    </ClInclude>
  </ItemGroup>
  <ItemGroup>
    <None Include="..\..\..\..\..\..\%40Mynsu\C++\Tetris\Sirtet\dlls\Game\Game.def">
      <Filter>소스 파일</Filter>
    </None>
  </ItemGroup>
</Project>